
Microsoft Visual Studio Solution File, Format Version 12.00
# Visual Studio Version 17
VisualStudioVersion = 17.5.33516.290
MinimumVisualStudioVersion = 10.0.40219.1
Project("{FAE04EC0-301F-11D3-BF4B-00C04F79EFBC}") = "15.6.6", "15.6.6.csproj", "{6AC41191-DAC4-4447-BDE7-526F18F66E41}"
EndProject
Global
	GlobalSection(SolutionConfigurationPlatforms) = preSolution
		Debug|Any CPU = Debug|Any CPU
		Release|Any CPU = Release|Any CPU
	EndGlobalSection
	GlobalSection(ProjectConfigurationPlatforms) = postSolution
		{6AC41191-DAC4-4447-BDE7-526F18F66E41}.Debug|Any CPU.ActiveCfg = Debug|Any CPU
		{6AC41191-DAC4-4447-BDE7-526F18F66E41}.Debug|Any CPU.Build.0 = Debug|Any CPU
		{6AC41191-DAC4-4447-BDE7-526F18F66E41}.Release|Any CPU.ActiveCfg = Release|Any CPU
		{6AC41191-DAC4-4447-BDE7-526F18F66E41}.Release|Any CPU.Build.0 = Release|Any CPU
	EndGlobalSection
	GlobalSection(SolutionProperties) = preSolution
		HideSolutionNode = FALSE
	EndGlobalSection
	GlobalSection(ExtensibilityGlobals) = postSolution
		SolutionGuid = {B1C6450D-2600-4B1E-BDD2-3FE191008B4D}
	EndGlobalSection
EndGlobal
